
Microsoft Visual Studio Solution File, Format Version 12.00
# Visual Studio Version 17
VisualStudioVersion = 17.13.35913.81 d17.13
MinimumVisualStudioVersion = 10.0.40219.1
Project("{FAE04EC0-301F-11D3-BF4B-00C04F79EFBC}") = "LibraryAPI", "Backend1\LibraryAPI.csproj", "{B4EFF727-27F8-4E51-B6EE-396A616FBED6}"
EndProject
Global
	GlobalSection(SolutionConfigurationPlatforms) = preSolution
		Debug|Any CPU = Debug|Any CPU
		Release|Any CPU = Release|Any CPU
	EndGlobalSection
	GlobalSection(ProjectConfigurationPlatforms) = postSolution
		{B4EFF727-27F8-4E51-B6EE-396A616FBED6}.Debug|Any CPU.ActiveCfg = Debug|Any CPU
		{B4EFF727-27F8-4E51-B6EE-396A616FBED6}.Debug|Any CPU.Build.0 = Debug|Any CPU
		{B4EFF727-27F8-4E51-B6EE-396A616FBED6}.Release|Any CPU.ActiveCfg = Release|Any CPU
		{B4EFF727-27F8-4E51-B6EE-396A616FBED6}.Release|Any CPU.Build.0 = Release|Any CPU
	EndGlobalSection
	GlobalSection(SolutionProperties) = preSolution
		HideSolutionNode = FALSE
	EndGlobalSection
	GlobalSection(ExtensibilityGlobals) = postSolution
		SolutionGuid = {C609D9C9-90E2-4C52-B1B2-5B59B2299CE7}
	EndGlobalSection
EndGlobal
